{
  "name": "blog2022",
  "version": "0.0.0",
  "lockfileVersion": 1,
  "requires": true,
  "dependencies": {
    "@antfu/utils": {
      "version": "0.5.2",
      "resolved": "https://registry.npmmirror.com/@antfu/utils/-/utils-0.5.2.tgz",
      "integrity": "sha512-CQkeV+oJxUazwjlHD0/3ZD08QWKuGQkhnrKo3e6ly5pd48VUpXbb77q0xMU4+vc2CkJnDS02Eq/M9ugyX20XZA==",
      "dev": true
    },
    "@babel/parser": {
      "version": "7.17.9",
      "resolved": "https://registry.npmmirror.com/@babel/parser/-/parser-7.17.9.tgz",
      "integrity": "sha512-vqUSBLP8dQHFPdPi9bc5GK9vRkYHJ49fsZdtoJ8EQ8ibpwk5rPKfvNIwChB0KVXcIjcepEBBd2VHC5r9Gy8ueg=="
    },
    "@ctrl/tinycolor": {
      "version": "3.4.1",
      "resolved": "https://registry.npmmirror.com/@ctrl/tinycolor/-/tinycolor-3.4.1.tgz",
      "integrity": "sha512-ej5oVy6lykXsvieQtqZxCOaLT+xD4+QNarq78cIYISHmZXshCvROLudpQN3lfL8G0NL7plMSSK+zlyvCaIJ4Iw=="
    },
    "@element-plus/icons-vue": {
      "version": "2.0.6",
      "resolved": "https://registry.npmmirror.com/@element-plus/icons-vue/-/icons-vue-2.0.6.tgz",
      "integrity": "sha512-lPpG8hYkjL/Z97DH5Ei6w6o22Z4YdNglWCNYOPcB33JCF2A4wye6HFgSI7hEt9zdLyxlSpiqtgf9XcYU+m5mew=="
    },
    "@floating-ui/core": {
      "version": "0.7.3",
      "resolved": "https://registry.npmmirror.com/@floating-ui/core/-/core-0.7.3.tgz",
      "integrity": "sha512-buc8BXHmG9l82+OQXOFU3Kr2XQx9ys01U/Q9HMIrZ300iLc8HLMgh7dcCqgYzAzf4BkoQvDcXf5Y+CuEZ5JBYg=="
    },
    "@floating-ui/dom": {
      "version": "0.5.3",
      "resolved": "https://registry.npmmirror.com/@floating-ui/dom/-/dom-0.5.3.tgz",
      "integrity": "sha512-vpjWB1uC7rajvgA58uzlJZgtWqrdDQLw+XVA3w63ZTmsWwRmVd0Gl5Dy9VMAViI9cP7hBWaJt23Jy3AVgVYnoQ==",
      "requires": {
        "@floating-ui/core": "^0.7.3"
      }
    },
    "@nodelib/fs.scandir": {
      "version": "2.1.5",
      "resolved": "https://registry.npmmirror.com/@nodelib/fs.scandir/-/fs.scandir-2.1.5.tgz",
      "integrity": "sha512-vq24Bq3ym5HEQm2NKCr3yXDwjc7vTsEThRDnkp2DK9p1uqLR+DHurm/NOTo0KG7HYHU7eppKZj3MyqYuMBf62g==",
      "dev": true,
      "requires": {
        "@nodelib/fs.stat": "2.0.5",
        "run-parallel": "^1.1.9"
      }
    },
    "@nodelib/fs.stat": {
      "version": "2.0.5",
      "resolved": "https://registry.npmmirror.com/@nodelib/fs.stat/-/fs.stat-2.0.5.tgz",
      "integrity": "sha512-RkhPPp2zrqDAQA/2jNhnztcPAlv64XdhIp7a7454A5ovI7Bukxgt7MX7udwAu3zg1DcpPU0rz3VV1SeaqvY4+A==",
      "dev": true
    },
    "@nodelib/fs.walk": {
      "version": "1.2.8",
      "resolved": "https://registry.npmmirror.com/@nodelib/fs.walk/-/fs.walk-1.2.8.tgz",
      "integrity": "sha512-oGB+UxlgWcgQkgwo8GcEGwemoTFt3FIO9ababBmaGwXIoBKZ+GTy0pP185beGg7Llih/NSHSV2XAs1lnznocSg==",
      "dev": true,
      "requires": {
        "@nodelib/fs.scandir": "2.1.5",
        "fastq": "^1.6.0"
      }
    },
    "@popperjs/core": {
      "version": "npm:@sxzz/popperjs-es@2.11.7",
      "resolved": "https://registry.npmmirror.com/@sxzz/popperjs-es/-/popperjs-es-2.11.7.tgz",
      "integrity": "sha512-Ccy0NlLkzr0Ex2FKvh2X+OyERHXJ88XJ1MXtsI9y9fGexlaXaVTPzBCRBwIxFkORuOb+uBqeu+RqnpgYTEZRUQ=="
    },
    "@rollup/pluginutils": {
      "version": "4.2.1",
      "resolved": "https://registry.npmmirror.com/@rollup/pluginutils/-/pluginutils-4.2.1.tgz",
      "integrity": "sha512-iKnFXr7NkdZAIHiIWE+BX5ULi/ucVFYWD6TbAV+rZctiRTY2PL6tsIKhoIOaoskiWAkgu+VsbXgUVDNLHf+InQ==",
      "dev": true,
      "requires": {
        "estree-walker": "^2.0.1",
        "picomatch": "^2.2.2"
      }
    },
    "@types/lodash": {
      "version": "4.14.182",
      "resolved": "https://registry.npmmirror.com/@types/lodash/-/lodash-4.14.182.tgz",
      "integrity": "sha512-/THyiqyQAP9AfARo4pF+aCGcyiQ94tX/Is2I7HofNRqoYLgN1PBoOWu2/zTA5zMxzP5EFutMtWtGAFRKUe961Q=="
    },
    "@types/lodash-es": {
      "version": "4.17.6",
      "resolved": "https://registry.npmmirror.com/@types/lodash-es/-/lodash-es-4.17.6.tgz",
      "integrity": "sha512-R+zTeVUKDdfoRxpAryaQNRKk3105Rrgx2CFRClIgRGaqDTdjsm8h6IYA8ir584W3ePzkZfst5xIgDwYrlh9HLg==",
      "requires": {
        "@types/lodash": "*"
      }
    },
    "@vitejs/plugin-vue": {
      "version": "2.3.1",
      "resolved": "https://registry.npmmirror.com/@vitejs/plugin-vue/-/plugin-vue-2.3.1.tgz",
      "integrity": "sha512-YNzBt8+jt6bSwpt7LP890U1UcTOIZZxfpE5WOJ638PNxSEKOqAi0+FSKS0nVeukfdZ0Ai/H7AFd6k3hayfGZqQ==",
      "dev": true
    },
    "@vue/compiler-core": {
      "version": "3.2.32",
      "resolved": "https://registry.npmmirror.com/@vue/compiler-core/-/compiler-core-3.2.32.tgz",
      "integrity": "sha512-bRQ8Rkpm/aYFElDWtKkTPHeLnX5pEkNxhPUcqu5crEJIilZH0yeFu/qUAcV4VfSE2AudNPkQSOwMZofhnuutmA==",
      "requires": {
        "@babel/parser": "^7.16.4",
        "@vue/shared": "3.2.32",
        "estree-walker": "^2.0.2",
        "source-map": "^0.6.1"
      }
    },
    "@vue/compiler-dom": {
      "version": "3.2.32",
      "resolved": "https://registry.npmmirror.com/@vue/compiler-dom/-/compiler-dom-3.2.32.tgz",
      "integrity": "sha512-maa3PNB/NxR17h2hDQfcmS02o1f9r9QIpN1y6fe8tWPrS1E4+q8MqrvDDQNhYVPd84rc3ybtyumrgm9D5Rf/kg==",
      "requires": {
        "@vue/compiler-core": "3.2.32",
        "@vue/shared": "3.2.32"
      }
    },
    "@vue/compiler-sfc": {
      "version": "3.2.32",
      "resolved": "https://registry.npmmirror.com/@vue/compiler-sfc/-/compiler-sfc-3.2.32.tgz",
      "integrity": "sha512-uO6+Gh3AVdWm72lRRCjMr8nMOEqc6ezT9lWs5dPzh1E9TNaJkMYPaRtdY9flUv/fyVQotkfjY/ponjfR+trPSg==",
      "requires": {
        "@babel/parser": "^7.16.4",
        "@vue/compiler-core": "3.2.32",
        "@vue/compiler-dom": "3.2.32",
        "@vue/compiler-ssr": "3.2.32",
        "@vue/reactivity-transform": "3.2.32",
        "@vue/shared": "3.2.32",
        "estree-walker": "^2.0.2",
        "magic-string": "^0.25.7",
        "postcss": "^8.1.10",
        "source-map": "^0.6.1"
      }
    },
    "@vue/compiler-ssr": {
      "version": "3.2.32",
      "resolved": "https://registry.npmmirror.com/@vue/compiler-ssr/-/compiler-ssr-3.2.32.tgz",
      "integrity": "sha512-ZklVUF/SgTx6yrDUkaTaBL/JMVOtSocP+z5Xz/qIqqLdW/hWL90P+ob/jOQ0Xc/om57892Q7sRSrex0wujOL2Q==",
      "requires": {
        "@vue/compiler-dom": "3.2.32",
        "@vue/shared": "3.2.32"
      }
    },
    "@vue/devtools-api": {
      "version": "6.1.4",
      "resolved": "https://registry.npmmirror.com/@vue/devtools-api/-/devtools-api-6.1.4.tgz",
      "integrity": "sha512-IiA0SvDrJEgXvVxjNkHPFfDx6SXw0b/TUkqMcDZWNg9fnCAHbTpoo59YfJ9QLFkwa3raau5vSlRVzMSLDnfdtQ=="
    },
    "@vue/reactivity": {
      "version": "3.2.32",
      "resolved": "https://registry.npmmirror.com/@vue/reactivity/-/reactivity-3.2.32.tgz",
      "integrity": "sha512-4zaDumuyDqkuhbb63hRd+YHFGopW7srFIWesLUQ2su/rJfWrSq3YUvoKAJE8Eu1EhZ2Q4c1NuwnEreKj1FkDxA==",
      "requires": {
        "@vue/shared": "3.2.32"
      }
    },
    "@vue/reactivity-transform": {
      "version": "3.2.32",
      "resolved": "https://registry.npmmirror.com/@vue/reactivity-transform/-/reactivity-transform-3.2.32.tgz",
      "integrity": "sha512-CW1W9zaJtE275tZSWIfQKiPG0iHpdtSlmTqYBu7Y62qvtMgKG5yOxtvBs4RlrZHlaqFSE26avLAgQiTp4YHozw==",
      "requires": {
        "@babel/parser": "^7.16.4",
        "@vue/compiler-core": "3.2.32",
        "@vue/shared": "3.2.32",
        "estree-walker": "^2.0.2",
        "magic-string": "^0.25.7"
      }
    },
    "@vue/runtime-core": {
      "version": "3.2.32",
      "resolved": "https://registry.npmmirror.com/@vue/runtime-core/-/runtime-core-3.2.32.tgz",
      "integrity": "sha512-uKKzK6LaCnbCJ7rcHvsK0azHLGpqs+Vi9B28CV1mfWVq1F3Bj8Okk3cX+5DtD06aUh4V2bYhS2UjjWiUUKUF0w==",
      "requires": {
        "@vue/reactivity": "3.2.32",
        "@vue/shared": "3.2.32"
      }
    },
    "@vue/runtime-dom": {
      "version": "3.2.32",
      "resolved": "https://registry.npmmirror.com/@vue/runtime-dom/-/runtime-dom-3.2.32.tgz",
      "integrity": "sha512-AmlIg+GPqjkNoADLjHojEX5RGcAg+TsgXOOcUrtDHwKvA8mO26EnLQLB8nylDjU6AMJh2CIYn8NEgyOV5ZIScQ==",
      "requires": {
        "@vue/runtime-core": "3.2.32",
        "@vue/shared": "3.2.32",
        "csstype": "^2.6.8"
      }
    },
    "@vue/server-renderer": {
      "version": "3.2.32",
      "resolved": "https://registry.npmmirror.com/@vue/server-renderer/-/server-renderer-3.2.32.tgz",
      "integrity": "sha512-TYKpZZfRJpGTTiy/s6bVYwQJpAUx3G03z4G7/3O18M11oacrMTVHaHjiPuPqf3xQtY8R4LKmQ3EOT/DRCA/7Wg==",
      "requires": {
        "@vue/compiler-ssr": "3.2.32",
        "@vue/shared": "3.2.32"
      }
    },
    "@vue/shared": {
      "version": "3.2.32",
      "resolved": "https://registry.npmmirror.com/@vue/shared/-/shared-3.2.32.tgz",
      "integrity": "sha512-bjcixPErUsAnTQRQX4Z5IQnICYjIfNCyCl8p29v1M6kfVzvwOICPw+dz48nNuWlTOOx2RHhzHdazJibE8GSnsw=="
    },
    "@vueuse/core": {
      "version": "8.7.4",
      "resolved": "https://registry.npmmirror.com/@vueuse/core/-/core-8.7.4.tgz",
      "integrity": "sha512-dQgxjb79PDcizlaclgCkCzNoqNv12PnbXxUOFL9VacakmD/ACoSMWwTpcG3HKoDoYyl2V3kSW/8AkvXGEYEGFA==",
      "requires": {
        "@vueuse/metadata": "8.7.4",
        "@vueuse/shared": "8.7.4",
        "vue-demi": "*"
      }
    },
    "@vueuse/metadata": {
      "version": "8.7.4",
      "resolved": "https://registry.npmmirror.com/@vueuse/metadata/-/metadata-8.7.4.tgz",
      "integrity": "sha512-CwEYS6/M6JDxk9D1mUsZq3F0VnYnf39rAxOytP58vb4BrhmPKEVfiSpvxuYcJimU9ccT/xjWhwBnsdGC2H9mIQ=="
    },
    "@vueuse/shared": {
      "version": "8.7.4",
      "resolved": "https://registry.npmmirror.com/@vueuse/shared/-/shared-8.7.4.tgz",
      "integrity": "sha512-QhwTEd2Gr/8ZliWVEM8sbMUkXtVVV1Mt1mOkCnIbIN33D/V28FwGKUKqEPGZZCXuJchARnun/J1TAiT/UmZd1w==",
      "requires": {
        "vue-demi": "*"
      }
    },
    "acorn": {
      "version": "8.7.1",
      "resolved": "https://registry.npmmirror.com/acorn/-/acorn-8.7.1.tgz",
      "integrity": "sha512-Xx54uLJQZ19lKygFXOWsscKUbsBZW0CPykPhVQdhIeIwrbPmJzqeASDInc8nKBnp/JT6igTs82qPXz069H8I/A==",
      "dev": true
    },
    "anymatch": {
      "version": "3.1.2",
      "resolved": "https://registry.npmmirror.com/anymatch/-/anymatch-3.1.2.tgz",
      "integrity": "sha512-P43ePfOAIupkguHUycrc4qJ9kz8ZiuOUijaETwX7THt0Y/GNK7v0aa8rY816xWjZ7rJdA5XdMcpVFTKMq+RvWg==",
      "dev": true,
      "requires": {
        "normalize-path": "^3.0.0",
        "picomatch": "^2.0.4"
      }
    },
    "async-validator": {
      "version": "4.2.5",
      "resolved": "https://registry.npmmirror.com/async-validator/-/async-validator-4.2.5.tgz",
      "integrity": "sha512-7HhHjtERjqlNbZtqNqy2rckN/SpOOlmDliet+lP7k+eKZEjPk3DgyeU9lIXLdeLz0uBbbVp+9Qdow9wJWgwwfg=="
    },
    "axios": {
      "version": "0.26.1",
      "resolved": "https://registry.npmmirror.com/axios/-/axios-0.26.1.tgz",
      "integrity": "sha512-fPwcX4EvnSHuInCMItEhAGnaSEXRBjtzh9fOtsE6E1G6p7vl7edEeZe11QHf18+6+9gR5PbKV/sGKNaD8YaMeA==",
      "requires": {
        "follow-redirects": "^1.14.8"
      }
    },
    "balanced-match": {
      "version": "1.0.2",
      "resolved": "https://registry.npmmirror.com/balanced-match/-/balanced-match-1.0.2.tgz",
      "integrity": "sha512-3oSeUO0TMV67hN1AmbXsK4yaqU7tjiHlbxRDZOpH0KW9+CeX4bRAaX0Anxt0tx2MrpRpWwQaPwIlISEJhYU5Pw==",
      "dev": true
    },
    "binary-extensions": {
      "version": "2.2.0",
      "resolved": "https://registry.npmmirror.com/binary-extensions/-/binary-extensions-2.2.0.tgz",
      "integrity": "sha512-jDctJ/IVQbZoJykoeHbhXpOlNBqGNcwXJKJog42E5HDPUwQTSdjCHdihjj0DlnheQ7blbT6dHOafNAiS8ooQKA==",
      "dev": true
    },
    "brace-expansion": {
      "version": "2.0.1",
      "resolved": "https://registry.npmmirror.com/brace-expansion/-/brace-expansion-2.0.1.tgz",
      "integrity": "sha512-XnAIvQ8eM+kC6aULx6wuQiwVsnzsi9d3WxzV3FpWTGA19F621kwdbsAcFKXgKUHZWsy+mY6iL1sHTxWEFCytDA==",
      "dev": true,
      "requires": {
        "balanced-match": "^1.0.0"
      }
    },
    "braces": {
      "version": "3.0.2",
      "resolved": "https://registry.npmmirror.com/braces/-/braces-3.0.2.tgz",
      "integrity": "sha512-b8um+L1RzM3WDSzvhm6gIz1yfTbBt6YTlcEKAvsmqCZZFw46z626lVj9j1yEPW33H5H+lBQpZMP1k8l+78Ha0A==",
      "dev": true,
      "requires": {
        "fill-range": "^7.0.1"
      }
    },
    "call-bind": {
      "version": "1.0.2",
      "resolved": "https://registry.npmmirror.com/call-bind/-/call-bind-1.0.2.tgz",
      "integrity": "sha512-7O+FbCihrB5WGbFYesctwmTKae6rOiIzmz1icreWJ+0aA7LJfuqhEso2T9ncpcFtzMQtzXf2QGGueWJGTYsqrA==",
      "requires": {
        "function-bind": "^1.1.1",
        "get-intrinsic": "^1.0.2"
      }
    },
    "chokidar": {
      "version": "3.5.3",
      "resolved": "https://registry.npmmirror.com/chokidar/-/chokidar-3.5.3.tgz",
      "integrity": "sha512-Dr3sfKRP6oTcjf2JmUmFJfeVMvXBdegxB0iVQ5eb2V10uFJUCAS8OByZdVAyVb8xXNz3GjjTgj9kLWsZTqE6kw==",
      "dev": true,
      "requires": {
        "anymatch": "~3.1.2",
        "braces": "~3.0.2",
        "fsevents": "~2.3.2",
        "glob-parent": "~5.1.2",
        "is-binary-path": "~2.1.0",
        "is-glob": "~4.0.1",
        "normalize-path": "~3.0.0",
        "readdirp": "~3.6.0"
      }
    },
    "commander": {
      "version": "2.20.3",
      "resolved": "https://registry.npmmirror.com/commander/-/commander-2.20.3.tgz",
      "integrity": "sha512-GpVkmM8vF2vQUkj2LvZmD35JxeJOLCwJ9cUkugyk2nuhbv3+mJvpLYYt+0+USMxE+oj+ey/lJEnhZw75x/OMcQ=="
    },
    "cssfilter": {
      "version": "0.0.10",
      "resolved": "https://registry.npmmirror.com/cssfilter/-/cssfilter-0.0.10.tgz",
      "integrity": "sha512-FAaLDaplstoRsDR8XGYH51znUN0UY7nMc6Z9/fvE8EXGwvJE9hu7W2vHwx1+bd6gCYnln9nLbzxFTrcO9YQDZw=="
    },
    "csstype": {
      "version": "2.6.20",
      "resolved": "https://registry.npmmirror.com/csstype/-/csstype-2.6.20.tgz",
      "integrity": "sha512-/WwNkdXfckNgw6S5R125rrW8ez139lBHWouiBvX8dfMFtcn6V81REDqnH7+CRpRipfYlyU1CmOnOxrmGcFOjeA=="
    },
    "dayjs": {
      "version": "1.11.3",
      "resolved": "https://registry.npmmirror.com/dayjs/-/dayjs-1.11.3.tgz",
      "integrity": "sha512-xxwlswWOlGhzgQ4TKzASQkUhqERI3egRNqgV4ScR8wlANA/A9tZ7miXa44vTTKEq5l7vWoL5G57bG3zA+Kow0A=="
    },
    "debug": {
      "version": "4.3.4",
      "resolved": "https://registry.npmmirror.com/debug/-/debug-4.3.4.tgz",
      "integrity": "sha512-PRWFHuSU3eDtQJPvnNY7Jcket1j0t5OuOsFzPPzsekD52Zl8qUfFIPEiswXqIvHWGVHOgX+7G/vCNNhehwxfkQ==",
      "dev": true,
      "requires": {
        "ms": "2.1.2"
      }
    },
    "element-plus": {
      "version": "2.2.6",
      "resolved": "https://registry.npmmirror.com/element-plus/-/element-plus-2.2.6.tgz",
      "integrity": "sha512-N9G4yWSxDt1YtreCJgt7UaSsXKuR4Fzb3ThzlBjbGDYDhcHijsrLL3qkdLZgeoSB13LRyr9pgP1ljNXdaYGa+g==",
      "requires": {
        "@ctrl/tinycolor": "^3.4.1",
        "@element-plus/icons-vue": "^2.0.5",
        "@floating-ui/dom": "^0.5.3",
        "@popperjs/core": "npm:@sxzz/popperjs-es@^2.11.7",
        "@types/lodash": "^4.14.182",
        "@types/lodash-es": "^4.17.6",
        "@vueuse/core": "^8.6.0",
        "async-validator": "^4.1.1",
        "dayjs": "^1.11.3",
        "escape-html": "^1.0.3",
        "lodash": "^4.17.21",
        "lodash-es": "^4.17.21",
        "lodash-unified": "^1.0.2",
        "memoize-one": "^6.0.0",
        "normalize-wheel-es": "^1.1.2"
      }
    },
    "esbuild": {
      "version": "0.14.36",
      "resolved": "https://registry.npmmirror.com/esbuild/-/esbuild-0.14.36.tgz",
      "integrity": "sha512-HhFHPiRXGYOCRlrhpiVDYKcFJRdO0sBElZ668M4lh2ER0YgnkLxECuFe7uWCf23FrcLc59Pqr7dHkTqmRPDHmw==",
      "dev": true,
      "requires": {
        "esbuild-android-64": "0.14.36",
        "esbuild-android-arm64": "0.14.36",
        "esbuild-darwin-64": "0.14.36",
        "esbuild-darwin-arm64": "0.14.36",
        "esbuild-freebsd-64": "0.14.36",
        "esbuild-freebsd-arm64": "0.14.36",
        "esbuild-linux-32": "0.14.36",
        "esbuild-linux-64": "0.14.36",
        "esbuild-linux-arm": "0.14.36",
        "esbuild-linux-arm64": "0.14.36",
        "esbuild-linux-mips64le": "0.14.36",
        "esbuild-linux-ppc64le": "0.14.36",
        "esbuild-linux-riscv64": "0.14.36",
        "esbuild-linux-s390x": "0.14.36",
        "esbuild-netbsd-64": "0.14.36",
        "esbuild-openbsd-64": "0.14.36",
        "esbuild-sunos-64": "0.14.36",
        "esbuild-windows-32": "0.14.36",
        "esbuild-windows-64": "0.14.36",
        "esbuild-windows-arm64": "0.14.36"
      }
    },
    "esbuild-android-64": {
      "version": "0.14.36",
      "resolved": "https://registry.npmmirror.com/esbuild-android-64/-/esbuild-android-64-0.14.36.tgz",
      "integrity": "sha512-jwpBhF1jmo0tVCYC/ORzVN+hyVcNZUWuozGcLHfod0RJCedTDTvR4nwlTXdx1gtncDqjk33itjO+27OZHbiavw==",
      "dev": true,
      "optional": true
    },
    "esbuild-android-arm64": {
      "version": "0.14.36",
      "resolved": "https://registry.npmmirror.com/esbuild-android-arm64/-/esbuild-android-arm64-0.14.36.tgz",
      "integrity": "sha512-/hYkyFe7x7Yapmfv4X/tBmyKnggUmdQmlvZ8ZlBnV4+PjisrEhAvC3yWpURuD9XoB8Wa1d5dGkTsF53pIvpjsg==",
      "dev": true,
      "optional": true
    },
    "esbuild-darwin-64": {
      "version": "0.14.36",
      "resolved": "https://registry.npmmirror.com/esbuild-darwin-64/-/esbuild-darwin-64-0.14.36.tgz",
      "integrity": "sha512-kkl6qmV0dTpyIMKagluzYqlc1vO0ecgpviK/7jwPbRDEv5fejRTaBBEE2KxEQbTHcLhiiDbhG7d5UybZWo/1zQ==",
      "dev": true,
      "optional": true
    },
    "esbuild-darwin-arm64": {
      "version": "0.14.36",
      "resolved": "https://registry.npmmirror.com/esbuild-darwin-arm64/-/esbuild-darwin-arm64-0.14.36.tgz",
      "integrity": "sha512-q8fY4r2Sx6P0Pr3VUm//eFYKVk07C5MHcEinU1BjyFnuYz4IxR/03uBbDwluR6ILIHnZTE7AkTUWIdidRi1Jjw==",
      "dev": true,
      "optional": true
    },
    "esbuild-freebsd-64": {
      "version": "0.14.36",
      "resolved": "https://registry.npmmirror.com/esbuild-freebsd-64/-/esbuild-freebsd-64-0.14.36.tgz",
      "integrity": "sha512-Hn8AYuxXXRptybPqoMkga4HRFE7/XmhtlQjXFHoAIhKUPPMeJH35GYEUWGbjteai9FLFvBAjEAlwEtSGxnqWww==",
      "dev": true,
      "optional": true
    },
    "esbuild-freebsd-arm64": {
      "version": "0.14.36",
      "resolved": "https://registry.npmmirror.com/esbuild-freebsd-arm64/-/esbuild-freebsd-arm64-0.14.36.tgz",
      "integrity": "sha512-S3C0attylLLRiCcHiJd036eDEMOY32+h8P+jJ3kTcfhJANNjP0TNBNL30TZmEdOSx/820HJFgRrqpNAvTbjnDA==",
      "dev": true,
      "optional": true
    },
    "esbuild-linux-32": {
      "version": "0.14.36",
      "resolved": "https://registry.npmmirror.com/esbuild-linux-32/-/esbuild-linux-32-0.14.36.tgz",
      "integrity": "sha512-Eh9OkyTrEZn9WGO4xkI3OPPpUX7p/3QYvdG0lL4rfr73Ap2HAr6D9lP59VMF64Ex01LhHSXwIsFG/8AQjh6eNw==",
      "dev": true,
      "optional": true
    },
    "esbuild-linux-64": {
      "version": "0.14.36",
      "resolved": "https://registry.npmmirror.com/esbuild-linux-64/-/esbuild-linux-64-0.14.36.tgz",
      "integrity": "sha512-vFVFS5ve7PuwlfgoWNyRccGDi2QTNkQo/2k5U5ttVD0jRFaMlc8UQee708fOZA6zTCDy5RWsT5MJw3sl2X6KDg==",
      "dev": true,
      "optional": true
    },
    "esbuild-linux-arm": {
      "version": "0.14.36",
      "resolved": "https://registry.npmmirror.com/esbuild-linux-arm/-/esbuild-linux-arm-0.14.36.tgz",
      "integrity": "sha512-NhgU4n+NCsYgt7Hy61PCquEz5aevI6VjQvxwBxtxrooXsxt5b2xtOUXYZe04JxqQo+XZk3d1gcr7pbV9MAQ/Lg==",
      "dev": true,
      "optional": true
    },
    "esbuild-linux-arm64": {
      "version": "0.14.36",
      "resolved": "https://registry.npmmirror.com/esbuild-linux-arm64/-/esbuild-linux-arm64-0.14.36.tgz",
      "integrity": "sha512-24Vq1M7FdpSmaTYuu1w0Hdhiqkbto1I5Pjyi+4Cdw5fJKGlwQuw+hWynTcRI/cOZxBcBpP21gND7W27gHAiftw==",
      "dev": true,
      "optional": true
    },
    "esbuild-linux-mips64le": {
      "version": "0.14.36",
      "resolved": "https://registry.npmmirror.com/esbuild-linux-mips64le/-/esbuild-linux-mips64le-0.14.36.tgz",
      "integrity": "sha512-hZUeTXvppJN+5rEz2EjsOFM9F1bZt7/d2FUM1lmQo//rXh1RTFYzhC0txn7WV0/jCC7SvrGRaRz0NMsRPf8SIA==",
      "dev": true,
      "optional": true
    },
    "esbuild-linux-ppc64le": {
      "version": "0.14.36",
      "resolved": "https://registry.npmmirror.com/esbuild-linux-ppc64le/-/esbuild-linux-ppc64le-0.14.36.tgz",
      "integrity": "sha512-1Bg3QgzZjO+QtPhP9VeIBhAduHEc2kzU43MzBnMwpLSZ890azr4/A9Dganun8nsqD/1TBcqhId0z4mFDO8FAvg==",
      "dev": true,
      "optional": true
    },
    "esbuild-linux-riscv64": {
      "version": "0.14.36",
      "resolved": "https://registry.npmmirror.com/esbuild-linux-riscv64/-/esbuild-linux-riscv64-0.14.36.tgz",
      "integrity": "sha512-dOE5pt3cOdqEhaufDRzNCHf5BSwxgygVak9UR7PH7KPVHwSTDAZHDoEjblxLqjJYpc5XaU9+gKJ9F8mp9r5I4A==",
      "dev": true,
      "optional": true
    },
    "esbuild-linux-s390x": {
      "version": "0.14.36",
      "resolved": "https://registry.npmmirror.com/esbuild-linux-s390x/-/esbuild-linux-s390x-0.14.36.tgz",
      "integrity": "sha512-g4FMdh//BBGTfVHjF6MO7Cz8gqRoDPzXWxRvWkJoGroKA18G9m0wddvPbEqcQf5Tbt2vSc1CIgag7cXwTmoTXg==",
      "dev": true,
      "optional": true
    },
    "esbuild-netbsd-64": {
      "version": "0.14.36",
      "resolved": "https://registry.npmmirror.com/esbuild-netbsd-64/-/esbuild-netbsd-64-0.14.36.tgz",
      "integrity": "sha512-UB2bVImxkWk4vjnP62ehFNZ73lQY1xcnL5ZNYF3x0AG+j8HgdkNF05v67YJdCIuUJpBuTyCK8LORCYo9onSW+A==",
      "dev": true,
      "optional": true
    },
    "esbuild-openbsd-64": {
      "version": "0.14.36",
      "resolved": "https://registry.npmmirror.com/esbuild-openbsd-64/-/esbuild-openbsd-64-0.14.36.tgz",
      "integrity": "sha512-NvGB2Chf8GxuleXRGk8e9zD3aSdRO5kLt9coTQbCg7WMGXeX471sBgh4kSg8pjx0yTXRt0MlrUDnjVYnetyivg==",
      "dev": true,
      "optional": true
    },
    "esbuild-sunos-64": {
      "version": "0.14.36",
      "resolved": "https://registry.npmmirror.com/esbuild-sunos-64/-/esbuild-sunos-64-0.14.36.tgz",
      "integrity": "sha512-VkUZS5ftTSjhRjuRLp+v78auMO3PZBXu6xl4ajomGenEm2/rGuWlhFSjB7YbBNErOchj51Jb2OK8lKAo8qdmsQ==",
      "dev": true,
      "optional": true
    },
    "esbuild-windows-32": {
      "version": "0.14.36",
      "resolved": "https://registry.npmmirror.com/esbuild-windows-32/-/esbuild-windows-32-0.14.36.tgz",
      "integrity": "sha512-bIar+A6hdytJjZrDxfMBUSEHHLfx3ynoEZXx/39nxy86pX/w249WZm8Bm0dtOAByAf4Z6qV0LsnTIJHiIqbw0w==",
      "dev": true,
      "optional": true
    },
    "esbuild-windows-64": {
      "version": "0.14.36",
      "resolved": "https://registry.npmmirror.com/esbuild-windows-64/-/esbuild-windows-64-0.14.36.tgz",
      "integrity": "sha512-+p4MuRZekVChAeueT1Y9LGkxrT5x7YYJxYE8ZOTcEfeUUN43vktSn6hUNsvxzzATrSgq5QqRdllkVBxWZg7KqQ==",
      "dev": true,
      "optional": true
    },
    "esbuild-windows-arm64": {
      "version": "0.14.36",
      "resolved": "https://registry.npmmirror.com/esbuild-windows-arm64/-/esbuild-windows-arm64-0.14.36.tgz",
      "integrity": "sha512-fBB4WlDqV1m18EF/aheGYQkQZHfPHiHJSBYzXIo8yKehek+0BtBwo/4PNwKGJ5T0YK0oc8pBKjgwPbzSrPLb+Q==",
      "dev": true,
      "optional": true
    },
    "escape-html": {
      "version": "1.0.3",
      "resolved": "https://registry.npmmirror.com/escape-html/-/escape-html-1.0.3.tgz",
      "integrity": "sha512-NiSupZ4OeuGwr68lGIeym/ksIZMJodUGOSCZ/FSnTxcrekbvqrgdUxlJOMpijaKZVjAJrWrGs/6Jy8OMuyj9ow=="
    },
    "escape-string-regexp": {
      "version": "5.0.0",
      "resolved": "https://registry.npmmirror.com/escape-string-regexp/-/escape-string-regexp-5.0.0.tgz",
      "integrity": "sha512-/veY75JbMK4j1yjvuUxuVsiS/hr/4iHs9FTT6cgTexxdE0Ly/glccBAkloH/DofkjRbZU3bnoj38mOmhkZ0lHw==",
      "dev": true
    },
    "estree-walker": {
      "version": "2.0.2",
      "resolved": "https://registry.npmmirror.com/estree-walker/-/estree-walker-2.0.2.tgz",
      "integrity": "sha512-Rfkk/Mp/DL7JVje3u18FxFujQlTNR2q6QfMSMB7AvCBx91NGj/ba3kCfza0f6dVDbw7YlRf/nDrn7pQrCCyQ/w=="
    },
    "fast-glob": {
      "version": "3.2.11",
      "resolved": "https://registry.npmmirror.com/fast-glob/-/fast-glob-3.2.11.tgz",
      "integrity": "sha512-xrO3+1bxSo3ZVHAnqzyuewYT6aMFHRAd4Kcs92MAonjwQZLsK9d0SF1IyQ3k5PoirxTW0Oe/RqFgMQ6TcNE5Ew==",
      "dev": true,
      "requires": {
        "@nodelib/fs.stat": "^2.0.2",
        "@nodelib/fs.walk": "^1.2.3",
        "glob-parent": "^5.1.2",
        "merge2": "^1.3.0",
        "micromatch": "^4.0.4"
      }
    },
    "fastq": {
      "version": "1.13.0",
      "resolved": "https://registry.npmmirror.com/fastq/-/fastq-1.13.0.tgz",
      "integrity": "sha512-YpkpUnK8od0o1hmeSc7UUs/eB/vIPWJYjKck2QKIzAf71Vm1AAQ3EbuZB3g2JIy+pg+ERD0vqI79KyZiB2e2Nw==",
      "dev": true,
      "requires": {
        "reusify": "^1.0.4"
      }
    },
    "fill-range": {
      "version": "7.0.1",
      "resolved": "https://registry.npmmirror.com/fill-range/-/fill-range-7.0.1.tgz",
      "integrity": "sha512-qOo9F+dMUmC2Lcb4BbVvnKJxTPjCm+RRpe4gDuGrzkL7mEVl/djYSu2OdQ2Pa302N4oqkSg9ir6jaLWJ2USVpQ==",
      "dev": true,
      "requires": {
        "to-regex-range": "^5.0.1"
      }
    },
    "follow-redirects": {
      "version": "1.14.9",
      "resolved": "https://registry.npmmirror.com/follow-redirects/-/follow-redirects-1.14.9.tgz",
      "integrity": "sha512-MQDfihBQYMcyy5dhRDJUHcw7lb2Pv/TuE6xP1vyraLukNDHKbDxDNaOE3NbCAdKQApno+GPRyo1YAp89yCjK4w=="
    },
    "fsevents": {
      "version": "2.3.2",
      "resolved": "https://registry.npmmirror.com/fsevents/-/fsevents-2.3.2.tgz",
      "integrity": "sha512-xiqMQR4xAeHTuB9uWm+fFRcIOgKBMiOBP+eXiyT7jsgVCq1bkVygt00oASowB7EdtpOHaaPgKt812P9ab+DDKA==",
      "dev": true,
      "optional": true
    },
    "function-bind": {
      "version": "1.1.1",
      "resolved": "https://registry.npmmirror.com/function-bind/-/function-bind-1.1.1.tgz",
      "integrity": "sha512-yIovAzMX49sF8Yl58fSCWJ5svSLuaibPxXQJFLmBObTuCr0Mf1KiPopGM9NiFjiYBCbfaa2Fh6breQ6ANVTI0A=="
    },
    "get-intrinsic": {
      "version": "1.1.1",
      "resolved": "https://registry.npmmirror.com/get-intrinsic/-/get-intrinsic-1.1.1.tgz",
      "integrity": "sha512-kWZrnVM42QCiEA2Ig1bG8zjoIMOgxWwYCEeNdwY6Tv/cOSeGpcoX4pXHfKUxNKVoArnrEr2e9srnAxxGIraS9Q==",
      "requires": {
        "function-bind": "^1.1.1",
        "has": "^1.0.3",
        "has-symbols": "^1.0.1"
      }
    },
    "glob-parent": {
      "version": "5.1.2",
      "resolved": "https://registry.npmmirror.com/glob-parent/-/glob-parent-5.1.2.tgz",
      "integrity": "sha512-AOIgSQCepiJYwP3ARnGx+5VnTu2HBYdzbGP45eLw1vr3zB3vZLeyed1sC9hnbcOc9/SrMyM5RPQrkGz4aS9Zow==",
      "dev": true,
      "requires": {
        "is-glob": "^4.0.1"
      }
    },
    "has": {
      "version": "1.0.3",
      "resolved": "https://registry.npmmirror.com/has/-/has-1.0.3.tgz",
      "integrity": "sha512-f2dvO0VU6Oej7RkWJGrehjbzMAjFp5/VKPp5tTpWIV4JHHZK1/BxbFRtf/siA2SWTe09caDmVtYYzWEIbBS4zw==",
      "requires": {
        "function-bind": "^1.1.1"
      }
    },
    "has-symbols": {
      "version": "1.0.3",
      "resolved": "https://registry.npmmirror.com/has-symbols/-/has-symbols-1.0.3.tgz",
      "integrity": "sha512-l3LCuF6MgDNwTDKkdYGEihYjt5pRPbEg46rtlmnSPlUbgmB8LOIrKJbYYFBSbnPaJexMKtiPO8hmeRjRz2Td+A=="
    },
    "is-binary-path": {
      "version": "2.1.0",
      "resolved": "https://registry.npmmirror.com/is-binary-path/-/is-binary-path-2.1.0.tgz",
      "integrity": "sha512-ZMERYes6pDydyuGidse7OsHxtbI7WVeUEozgR/g7rd0xUimYNlvZRE/K2MgZTjWy725IfelLeVcEM97mmtRGXw==",
      "dev": true,
      "requires": {
        "binary-extensions": "^2.0.0"
      }
    },
    "is-core-module": {
      "version": "2.8.1",
      "resolved": "https://registry.npmmirror.com/is-core-module/-/is-core-module-2.8.1.tgz",
      "integrity": "sha512-SdNCUs284hr40hFTFP6l0IfZ/RSrMXF3qgoRHd3/79unUTvrFO/JoXwkGm+5J/Oe3E/b5GsnG330uUNgRpu1PA==",
      "dev": true,
      "requires": {
        "has": "^1.0.3"
      }
    },
    "is-extglob": {
      "version": "2.1.1",
      "resolved": "https://registry.npmmirror.com/is-extglob/-/is-extglob-2.1.1.tgz",
      "integrity": "sha512-SbKbANkN603Vi4jEZv49LeVJMn4yGwsbzZworEoyEiutsN3nJYdbO36zfhGJ6QEDpOZIFkDtnq5JRxmvl3jsoQ==",
      "dev": true
    },
    "is-glob": {
      "version": "4.0.3",
      "resolved": "https://registry.npmmirror.com/is-glob/-/is-glob-4.0.3.tgz",
      "integrity": "sha512-xelSayHH36ZgE7ZWhli7pW34hNbNl8Ojv5KVmkJD4hBdD3th8Tfk9vYasLM+mXWOZhFkgZfxhLSnrwRr4elSSg==",
      "dev": true,
      "requires": {
        "is-extglob": "^2.1.1"
      }
    },
    "is-number": {
      "version": "7.0.0",
      "resolved": "https://registry.npmmirror.com/is-number/-/is-number-7.0.0.tgz",
      "integrity": "sha512-41Cifkg6e8TylSpdtTpeLVMqvSBEVzTttHvERD741+pnZ8ANv0004MRL43QKPDlK9cGvNp6NZWZUBlbGXYxxng==",
      "dev": true
    },
    "jsonc-parser": {
      "version": "3.0.0",
      "resolved": "https://registry.npmmirror.com/jsonc-parser/-/jsonc-parser-3.0.0.tgz",
      "integrity": "sha512-fQzRfAbIBnR0IQvftw9FJveWiHp72Fg20giDrHz6TdfB12UH/uue0D3hm57UB5KgAVuniLMCaS8P1IMj9NR7cA==",
      "dev": true
    },
    "local-pkg": {
      "version": "0.4.1",
      "resolved": "https://registry.npmmirror.com/local-pkg/-/local-pkg-0.4.1.tgz",
      "integrity": "sha512-lL87ytIGP2FU5PWwNDo0w3WhIo2gopIAxPg9RxDYF7m4rr5ahuZxP22xnJHIvaLTe4Z9P6uKKY2UHiwyB4pcrw==",
      "dev": true
    },
    "lodash": {
      "version": "4.17.21",
      "resolved": "https://registry.npmmirror.com/lodash/-/lodash-4.17.21.tgz",
      "integrity": "sha512-v2kDEe57lecTulaDIuNTPy3Ry4gLGJ6Z1O3vE1krgXZNrsQ+LFTGHVxVjcXPs17LhbZVGedAJv8XZ1tvj5FvSg=="
    },
    "lodash-es": {
      "version": "4.17.21",
      "resolved": "https://registry.npmmirror.com/lodash-es/-/lodash-es-4.17.21.tgz",
      "integrity": "sha512-mKnC+QJ9pWVzv+C4/U3rRsHapFfHvQFoFB92e52xeyGMcX6/OlIl78je1u8vePzYZSkkogMPJ2yjxxsb89cxyw=="
    },
    "lodash-unified": {
      "version": "1.0.2",
      "resolved": "https://registry.npmmirror.com/lodash-unified/-/lodash-unified-1.0.2.tgz",
      "integrity": "sha512-OGbEy+1P+UT26CYi4opY4gebD8cWRDxAT6MAObIVQMiqYdxZr1g3QHWCToVsm31x2NkLS4K3+MC2qInaRMa39g=="
    },
    "magic-string": {
      "version": "0.25.9",
      "resolved": "https://registry.npmmirror.com/magic-string/-/magic-string-0.25.9.tgz",
      "integrity": "sha512-RmF0AsMzgt25qzqqLc1+MbHmhdx0ojF2Fvs4XnOqz2ZOBXzzkEwc/dJQZCYHAn7v1jbVOjAZfK8msRn4BxO4VQ==",
      "requires": {
        "sourcemap-codec": "^1.4.8"
      }
    },
    "memoize-one": {
      "version": "6.0.0",
      "resolved": "https://registry.npmmirror.com/memoize-one/-/memoize-one-6.0.0.tgz",
      "integrity": "sha512-rkpe71W0N0c0Xz6QD0eJETuWAJGnJ9afsl1srmwPrI+yBCkge5EycXXbYRyvL29zZVUWQCY7InPRCv3GDXuZNw=="
    },
    "merge2": {
      "version": "1.4.1",
      "resolved": "https://registry.npmmirror.com/merge2/-/merge2-1.4.1.tgz",
      "integrity": "sha512-8q7VEgMJW4J8tcfVPy8g09NcQwZdbwFEqhe/WZkoIzjn/3TGDwtOCYtXGxA3O8tPzpczCCDgv+P2P5y00ZJOOg==",
      "dev": true
    },
    "micromatch": {
      "version": "4.0.5",
      "resolved": "https://registry.npmmirror.com/micromatch/-/micromatch-4.0.5.tgz",
      "integrity": "sha512-DMy+ERcEW2q8Z2Po+WNXuw3c5YaUSFjAO5GsJqfEl7UjvtIuFKO6ZrKvcItdy98dwFI2N1tg3zNIdKaQT+aNdA==",
      "dev": true,
      "requires": {
        "braces": "^3.0.2",
        "picomatch": "^2.3.1"
      }
    },
    "minimatch": {
      "version": "5.1.0",
      "resolved": "https://registry.npmmirror.com/minimatch/-/minimatch-5.1.0.tgz",
      "integrity": "sha512-9TPBGGak4nHfGZsPBohm9AWg6NoT7QTCehS3BIJABslyZbzxfV78QM2Y6+i741OPZIafFAaiiEMh5OyIrJPgtg==",
      "dev": true,
      "requires": {
        "brace-expansion": "^2.0.1"
      }
    },
    "mlly": {
      "version": "0.5.3",
      "resolved": "https://registry.npmmirror.com/mlly/-/mlly-0.5.3.tgz",
      "integrity": "sha512-im69tuLD9EJh9fc9TZRpJEFvsBcGMez7glUCWDcHWWCKzhvPmNvyaYjp/+h0qJJN/Xovrs//GzGjOOKmFw4Gog==",
      "dev": true,
      "requires": {
        "pathe": "^0.2.0",
        "pkg-types": "^0.3.2"
      },
      "dependencies": {
        "pathe": {
          "version": "0.2.0",
          "resolved": "https://registry.npmmirror.com/pathe/-/pathe-0.2.0.tgz",
          "integrity": "sha512-sTitTPYnn23esFR3RlqYBWn4c45WGeLcsKzQiUpXJAyfcWkolvlYpV8FLo7JishK946oQwMFUCHXQ9AjGPKExw==",
          "dev": true
        }
      }
    },
    "ms": {
      "version": "2.1.2",
      "resolved": "https://registry.npmmirror.com/ms/-/ms-2.1.2.tgz",
      "integrity": "sha512-sGkPx+VjMtmA6MX27oA4FBFELFCZZ4S4XqeGOXCv68tT+jb3vk/RyaKWP0PTKyWtmLSM0b+adUTEvbs1PEaH2w==",
      "dev": true
    },
    "nanoid": {
      "version": "3.3.2",
      "resolved": "https://registry.npmmirror.com/nanoid/-/nanoid-3.3.2.tgz",
      "integrity": "sha512-CuHBogktKwpm5g2sRgv83jEy2ijFzBwMoYA60orPDR7ynsLijJDqgsi4RDGj3OJpy3Ieb+LYwiRmIOGyytgITA=="
    },
    "normalize-path": {
      "version": "3.0.0",
      "resolved": "https://registry.npmmirror.com/normalize-path/-/normalize-path-3.0.0.tgz",
      "integrity": "sha512-6eZs5Ls3WtCisHWp9S2GUy8dqkpGi4BVSz3GaqiE6ezub0512ESztXUwUB6C6IKbQkY2Pnb/mD4WYojCRwcwLA==",
      "dev": true
    },
    "normalize-wheel-es": {
      "version": "1.1.2",
      "resolved": "https://registry.npmmirror.com/normalize-wheel-es/-/normalize-wheel-es-1.1.2.tgz",
      "integrity": "sha512-scX83plWJXYH1J4+BhAuIHadROzxX0UBF3+HuZNY2Ks8BciE7tSTQ+5JhTsvzjaO0/EJdm4JBGrfObKxFf3Png=="
    },
    "object-inspect": {
      "version": "1.12.0",
      "resolved": "https://registry.npmmirror.com/object-inspect/-/object-inspect-1.12.0.tgz",
      "integrity": "sha512-Ho2z80bVIvJloH+YzRmpZVQe87+qASmBUKZDWgx9cu+KDrX2ZDH/3tMy+gXbZETVGs2M8YdxObOh7XAtim9Y0g=="
    },
    "path-parse": {
      "version": "1.0.7",
      "resolved": "https://registry.npmmirror.com/path-parse/-/path-parse-1.0.7.tgz",
      "integrity": "sha512-LDJzPVEEEPR+y48z93A0Ed0yXb8pAByGWo/k5YYdYgpY2/2EsOsksJrq7lOHxryrVOn1ejG6oAp8ahvOIQD8sw==",
      "dev": true
    },
    "pathe": {
      "version": "0.3.0",
      "resolved": "https://registry.npmmirror.com/pathe/-/pathe-0.3.0.tgz",
      "integrity": "sha512-3vUjp552BJzCw9vqKsO5sttHkbYqqsZtH0x1PNtItgqx8BXEXzoY1SYRKcL6BTyVh4lGJGLj0tM42elUDMvcYA==",
      "dev": true
    },
    "picocolors": {
      "version": "1.0.0",
      "resolved": "https://registry.npmmirror.com/picocolors/-/picocolors-1.0.0.tgz",
      "integrity": "sha512-1fygroTLlHu66zi26VoTDv8yRgm0Fccecssto+MhsZ0D/DGW2sm8E8AjW7NU5VVTRt5GxbeZ5qBuJr+HyLYkjQ=="
    },
    "picomatch": {
      "version": "2.3.1",
      "resolved": "https://registry.npmmirror.com/picomatch/-/picomatch-2.3.1.tgz",
      "integrity": "sha512-JU3teHTNjmE2VCGFzuY8EXzCDVwEqB2a8fsIvwaStHhAWJEeVd1o1QD80CU6+ZdEXXSLbSsuLwJjkCBWqRQUVA==",
      "dev": true
    },
    "pinia": {
      "version": "2.0.13",
      "resolved": "https://registry.npmmirror.com/pinia/-/pinia-2.0.13.tgz",
      "integrity": "sha512-B7rSqm1xNpwcPMnqns8/gVBfbbi7lWTByzS6aPZ4JOXSJD4Y531rZHDCoYWBwLyHY/8hWnXljgiXp6rRyrofcw==",
      "requires": {
        "@vue/devtools-api": "^6.1.4",
        "vue-demi": "*"
      }
    },
    "pkg-types": {
      "version": "0.3.3",
      "resolved": "https://registry.npmmirror.com/pkg-types/-/pkg-types-0.3.3.tgz",
      "integrity": "sha512-6AJcCMnjUQPQv/Wk960w0TOmjhdjbeaQJoSKWRQv9N3rgkessCu6J0Ydsog/nw1MbpnxHuPzYbfOn2KmlZO1FA==",
      "dev": true,
      "requires": {
        "jsonc-parser": "^3.0.0",
        "mlly": "^0.5.3",
        "pathe": "^0.3.0"
      }
    },
    "postcss": {
      "version": "8.4.12",
      "resolved": "https://registry.npmmirror.com/postcss/-/postcss-8.4.12.tgz",
      "integrity": "sha512-lg6eITwYe9v6Hr5CncVbK70SoioNQIq81nsaG86ev5hAidQvmOeETBqs7jm43K2F5/Ley3ytDtriImV6TpNiSg==",
      "requires": {
        "nanoid": "^3.3.1",
        "picocolors": "^1.0.0",
        "source-map-js": "^1.0.2"
      }
    },
    "qs": {
      "version": "6.10.3",
      "resolved": "https://registry.npmmirror.com/qs/-/qs-6.10.3.tgz",
      "integrity": "sha512-wr7M2E0OFRfIfJZjKGieI8lBKb7fRCH4Fv5KNPEs7gJ8jadvotdsS08PzOKR7opXhZ/Xkjtt3WF9g38drmyRqQ==",
      "requires": {
        "side-channel": "^1.0.4"
      }
    },
    "queue-microtask": {
      "version": "1.2.3",
      "resolved": "https://registry.npmmirror.com/queue-microtask/-/queue-microtask-1.2.3.tgz",
      "integrity": "sha512-NuaNSa6flKT5JaSYQzJok04JzTL1CA6aGhv5rfLW3PgqA+M2ChpZQnAC8h8i4ZFkBS8X5RqkDBHA7r4hej3K9A==",
      "dev": true
    },
    "readdirp": {
      "version": "3.6.0",
      "resolved": "https://registry.npmmirror.com/readdirp/-/readdirp-3.6.0.tgz",
      "integrity": "sha512-hOS089on8RduqdbhvQ5Z37A0ESjsqz6qnRcffsMU3495FuTdqSm+7bhJ29JvIOsBDEEnan5DPu9t3To9VRlMzA==",
      "dev": true,
      "requires": {
        "picomatch": "^2.2.1"
      }
    },
    "resolve": {
      "version": "1.22.0",
      "resolved": "https://registry.npmmirror.com/resolve/-/resolve-1.22.0.tgz",
      "integrity": "sha512-Hhtrw0nLeSrFQ7phPp4OOcVjLPIeMnRlr5mcnVuMe7M/7eBn98A3hmFRLoFo3DLZkivSYwhRUJTyPyWAk56WLw==",
      "dev": true,
      "requires": {
        "is-core-module": "^2.8.1",
        "path-parse": "^1.0.7",
        "supports-preserve-symlinks-flag": "^1.0.0"
      }
    },
    "reusify": {
      "version": "1.0.4",
      "resolved": "https://registry.npmmirror.com/reusify/-/reusify-1.0.4.tgz",
      "integrity": "sha512-U9nH88a3fc/ekCF1l0/UP1IosiuIjyTh7hBvXVMHYgVcfGvt897Xguj2UOLDeI5BG2m7/uwyaLVT6fbtCwTyzw==",
      "dev": true
    },
    "rollup": {
      "version": "2.70.1",
      "resolved": "https://registry.npmmirror.com/rollup/-/rollup-2.70.1.tgz",
      "integrity": "sha512-CRYsI5EuzLbXdxC6RnYhOuRdtz4bhejPMSWjsFLfVM/7w/85n2szZv6yExqUXsBdz5KT8eoubeyDUDjhLHEslA==",
      "dev": true,
      "requires": {
        "fsevents": "~2.3.2"
      }
    },
    "run-parallel": {
      "version": "1.2.0",
      "resolved": "https://registry.npmmirror.com/run-parallel/-/run-parallel-1.2.0.tgz",
      "integrity": "sha512-5l4VyZR86LZ/lDxZTR6jqL8AFE2S0IFLMP26AbjsLVADxHdhB/c0GUsH+y39UfCi3dzz8OlQuPmnaJOMoDHQBA==",
      "dev": true,
      "requires": {
        "queue-microtask": "^1.2.2"
      }
    },
    "scule": {
      "version": "0.2.1",
      "resolved": "https://registry.npmmirror.com/scule/-/scule-0.2.1.tgz",
      "integrity": "sha512-M9gnWtn3J0W+UhJOHmBxBTwv8mZCan5i1Himp60t6vvZcor0wr+IM0URKmIglsWJ7bRujNAVVN77fp+uZaWoKg==",
      "dev": true
    },
    "side-channel": {
      "version": "1.0.4",
      "resolved": "https://registry.npmmirror.com/side-channel/-/side-channel-1.0.4.tgz",
      "integrity": "sha512-q5XPytqFEIKHkGdiMIrY10mvLRvnQh42/+GoBlFW3b2LXLE2xxJpZFdm94we0BaoV3RwJyGqg5wS7epxTv0Zvw==",
      "requires": {
        "call-bind": "^1.0.0",
        "get-intrinsic": "^1.0.2",
        "object-inspect": "^1.9.0"
      }
    },
    "source-map": {
      "version": "0.6.1",
      "resolved": "https://registry.npmmirror.com/source-map/-/source-map-0.6.1.tgz",
      "integrity": "sha512-UjgapumWlbMhkBgzT7Ykc5YXUT46F0iKu8SGXq0bcwP5dz/h0Plj6enJqjz1Zbq2l5WaqYnrVbwWOWMyF3F47g=="
    },
    "source-map-js": {
      "version": "1.0.2",
      "resolved": "https://registry.npmmirror.com/source-map-js/-/source-map-js-1.0.2.tgz",
      "integrity": "sha512-R0XvVJ9WusLiqTCEiGCmICCMplcCkIwwR11mOSD9CR5u+IXYdiseeEuXCVAjS54zqwkLcPNnmU4OeJ6tUrWhDw=="
    },
    "sourcemap-codec": {
      "version": "1.4.8",
      "resolved": "https://registry.npmmirror.com/sourcemap-codec/-/sourcemap-codec-1.4.8.tgz",
      "integrity": "sha512-9NykojV5Uih4lgo5So5dtw+f0JgJX30KCNI8gwhz2J9A15wD0Ml6tjHKwf6fTSa6fAdVBdZeNOs9eJ71qCk8vA=="
    },
    "strip-literal": {
      "version": "0.4.0",
      "resolved": "https://registry.npmmirror.com/strip-literal/-/strip-literal-0.4.0.tgz",
      "integrity": "sha512-ql/sBDoJOybTKSIOWrrh8kgUEMjXMwRAkZTD0EwiwxQH/6tTPkZvMIEjp0CRlpi6V5FMiJyvxeRkEi1KrGISoA==",
      "dev": true,
      "requires": {
        "acorn": "^8.7.1"
      }
    },
    "supports-preserve-symlinks-flag": {
      "version": "1.0.0",
      "resolved": "https://registry.npmmirror.com/supports-preserve-symlinks-flag/-/supports-preserve-symlinks-flag-1.0.0.tgz",
      "integrity": "sha512-ot0WnXS9fgdkgIcePe6RHNk1WA8+muPa6cSjeR3V8K27q9BB1rTE3R1p7Hv0z1ZyAc8s6Vvv8DIyWf681MAt0w==",
      "dev": true
    },
    "to-regex-range": {
      "version": "5.0.1",
      "resolved": "https://registry.npmmirror.com/to-regex-range/-/to-regex-range-5.0.1.tgz",
      "integrity": "sha512-65P7iz6X5yEr1cwcgvQxbbIw7Uk3gOy5dIdtZ4rDveLqhrdJP+Li/Hx6tyK0NEb+2GCyneCMJiGqrADCSNk8sQ==",
      "dev": true,
      "requires": {
        "is-number": "^7.0.0"
      }
    },
    "unimport": {
      "version": "0.2.9",
      "resolved": "https://registry.npmmirror.com/unimport/-/unimport-0.2.9.tgz",
      "integrity": "sha512-5SLmZZL2rwaNOQa/yTGaG0QI0meRhb6MDdIlS9s1uHPSYO6Gfzr7ugl5Rf35/CJioW6wYiNJsN9dru5JMzaD8w==",
      "dev": true,
      "requires": {
        "@rollup/pluginutils": "^4.2.1",
        "escape-string-regexp": "^5.0.0",
        "fast-glob": "^3.2.11",
        "local-pkg": "^0.4.1",
        "magic-string": "^0.26.2",
        "mlly": "^0.5.2",
        "pathe": "^0.3.0",
        "scule": "^0.2.1",
        "strip-literal": "^0.4.0",
        "unplugin": "^0.7.0"
      },
      "dependencies": {
        "magic-string": {
          "version": "0.26.2",
          "resolved": "https://registry.npmmirror.com/magic-string/-/magic-string-0.26.2.tgz",
          "integrity": "sha512-NzzlXpclt5zAbmo6h6jNc8zl2gNRGHvmsZW4IvZhTC4W7k4OlLP+S5YLussa/r3ixNT66KOQfNORlXHSOy/X4A==",
          "dev": true,
          "requires": {
            "sourcemap-codec": "^1.4.8"
          }
        }
      }
    },
    "unplugin": {
      "version": "0.7.0",
      "resolved": "https://registry.npmmirror.com/unplugin/-/unplugin-0.7.0.tgz",
      "integrity": "sha512-OsiFrgybmqm5bGuaodvbLYhqUrvGuRHRMZDhddKEXTDbuQ1x+hR7M1WpQguXj03whVYjEYChhFo738cZH5RNig==",
      "dev": true,
      "requires": {
        "acorn": "^8.7.1",
        "chokidar": "^3.5.3",
        "webpack-sources": "^3.2.3",
        "webpack-virtual-modules": "^0.4.3"
      }
    },
    "unplugin-auto-import": {
      "version": "0.8.8",
      "resolved": "https://registry.npmmirror.com/unplugin-auto-import/-/unplugin-auto-import-0.8.8.tgz",
      "integrity": "sha512-cVZ79zMR1v4VCZ9emFTUnltmazCc2B4hObyVrxJdlgJ2sK8qub6JfjFt38rCF6MVEddkHiWCU6wZR1qbdqe+ig==",
      "dev": true,
      "requires": {
        "@antfu/utils": "^0.5.2",
        "@rollup/pluginutils": "^4.2.1",
        "local-pkg": "^0.4.1",
        "magic-string": "^0.26.2",
        "unimport": "^0.2.7",
        "unplugin": "^0.7.0"
      },
      "dependencies": {
        "magic-string": {
          "version": "0.26.2",
          "resolved": "https://registry.npmmirror.com/magic-string/-/magic-string-0.26.2.tgz",
          "integrity": "sha512-NzzlXpclt5zAbmo6h6jNc8zl2gNRGHvmsZW4IvZhTC4W7k4OlLP+S5YLussa/r3ixNT66KOQfNORlXHSOy/X4A==",
          "dev": true,
          "requires": {
            "sourcemap-codec": "^1.4.8"
          }
        }
      }
    },
    "unplugin-vue-components": {
      "version": "0.19.6",
      "resolved": "https://registry.npmmirror.com/unplugin-vue-components/-/unplugin-vue-components-0.19.6.tgz",
      "integrity": "sha512-APvrJ9Hpid1MLT0G4PWerMJgARhNw6dzz0pcCwCxaO2DR7VyvDacMqjOQNC6ukq7FSw3wzD8VH+9i3EFXwkGmw==",
      "dev": true,
      "requires": {
        "@antfu/utils": "^0.5.1",
        "@rollup/pluginutils": "^4.2.1",
        "chokidar": "^3.5.3",
        "debug": "^4.3.4",
        "fast-glob": "^3.2.11",
        "local-pkg": "^0.4.1",
        "magic-string": "^0.26.1",
        "minimatch": "^5.0.1",
        "resolve": "^1.22.0",
        "unplugin": "^0.6.3"
      },
      "dependencies": {
        "magic-string": {
          "version": "0.26.2",
          "resolved": "https://registry.npmmirror.com/magic-string/-/magic-string-0.26.2.tgz",
          "integrity": "sha512-NzzlXpclt5zAbmo6h6jNc8zl2gNRGHvmsZW4IvZhTC4W7k4OlLP+S5YLussa/r3ixNT66KOQfNORlXHSOy/X4A==",
          "dev": true,
          "requires": {
            "sourcemap-codec": "^1.4.8"
          }
        },
        "unplugin": {
          "version": "0.6.3",
          "resolved": "https://registry.npmmirror.com/unplugin/-/unplugin-0.6.3.tgz",
          "integrity": "sha512-CoW88FQfCW/yabVc4bLrjikN9HC8dEvMU4O7B6K2jsYMPK0l6iAnd9dpJwqGcmXJKRCU9vwSsy653qg+RK0G6A==",
          "dev": true,
          "requires": {
            "chokidar": "^3.5.3",
            "webpack-sources": "^3.2.3",
            "webpack-virtual-modules": "^0.4.3"
          }
        }
      }
    },
    "vite": {
      "version": "2.9.1",
      "resolved": "https://registry.npmmirror.com/vite/-/vite-2.9.1.tgz",
      "integrity": "sha512-vSlsSdOYGcYEJfkQ/NeLXgnRv5zZfpAsdztkIrs7AZHV8RCMZQkwjo4DS5BnrYTqoWqLoUe1Cah4aVO4oNNqCQ==",
      "dev": true,
      "requires": {
        "esbuild": "^0.14.27",
        "fsevents": "~2.3.2",
        "postcss": "^8.4.12",
        "resolve": "^1.22.0",
        "rollup": "^2.59.0"
      }
    },
    "vue": {
      "version": "3.2.32",
      "resolved": "https://registry.npmmirror.com/vue/-/vue-3.2.32.tgz",
      "integrity": "sha512-6L3jKZApF042OgbCkh+HcFeAkiYi3Lovi8wNhWqIK98Pi5efAMLZzRHgi91v+60oIRxdJsGS9sTMsb+yDpY8Eg==",
      "requires": {
        "@vue/compiler-dom": "3.2.32",
        "@vue/compiler-sfc": "3.2.32",
        "@vue/runtime-dom": "3.2.32",
        "@vue/server-renderer": "3.2.32",
        "@vue/shared": "3.2.32"
      }
    },
    "vue-demi": {
      "version": "0.12.5",
      "resolved": "https://registry.npmmirror.com/vue-demi/-/vue-demi-0.12.5.tgz",
      "integrity": "sha512-BREuTgTYlUr0zw0EZn3hnhC3I6gPWv+Kwh4MCih6QcAeaTlaIX0DwOVN0wHej7hSvDPecz4jygy/idsgKfW58Q=="
    },
    "vue-router": {
      "version": "4.0.14",
      "resolved": "https://registry.npmmirror.com/vue-router/-/vue-router-4.0.14.tgz",
      "integrity": "sha512-wAO6zF9zxA3u+7AkMPqw9LjoUCjSxfFvINQj3E/DceTt6uEz1XZLraDhdg2EYmvVwTBSGlLYsUw8bDmx0754Mw==",
      "requires": {
        "@vue/devtools-api": "^6.0.0"
      }
    },
    "vue-xss": {
      "version": "1.0.4",
      "resolved": "https://registry.npmmirror.com/vue-xss/-/vue-xss-1.0.4.tgz",
      "integrity": "sha512-g8nbBRY5q/BWns5KkngZ8mn9KaJAJV61oqVEHgEcVOKAqHPiA8E8JM8GW+8XOGXBh6GCnR07nyxLCQoHRr6c9A==",
      "requires": {
        "xss": "^1.0.6"
      }
    },
    "webpack-sources": {
      "version": "3.2.3",
      "resolved": "https://registry.npmmirror.com/webpack-sources/-/webpack-sources-3.2.3.tgz",
      "integrity": "sha512-/DyMEOrDgLKKIG0fmvtz+4dUX/3Ghozwgm6iPp8KRhvn+eQf9+Q7GWxVNMk3+uCPWfdXYC4ExGBckIXdFEfH1w==",
      "dev": true
    },
    "webpack-virtual-modules": {
      "version": "0.4.3",
      "resolved": "https://registry.npmmirror.com/webpack-virtual-modules/-/webpack-virtual-modules-0.4.3.tgz",
      "integrity": "sha512-5NUqC2JquIL2pBAAo/VfBP6KuGkHIZQXW/lNKupLPfhViwh8wNsu0BObtl09yuKZszeEUfbXz8xhrHvSG16Nqw==",
      "dev": true
    },
    "xss": {
      "version": "1.0.13",
      "resolved": "https://registry.npmmirror.com/xss/-/xss-1.0.13.tgz",
      "integrity": "sha512-clu7dxTm1e8Mo5fz3n/oW3UCXBfV89xZ72jM8yzo1vR/pIS0w3sgB3XV2H8Vm6zfGnHL0FzvLJPJEBhd86/z4Q==",
      "requires": {
        "commander": "^2.20.3",
        "cssfilter": "0.0.10"
      }
    }
  }
}
